
Microsoft Visual Studio Solution File, Format Version 12.00
# Visual Studio Version 18
VisualStudioVersion = 18.6.11723.189
MinimumVisualStudioVersion = 10.0.40219.1
Project("{2150E333-8FDC-42A3-9474-1A3956D46DE8}") = "src", "src", "{827E0CD3-B72D-47B6-A68D-7590B98EB39B}"
EndProject
Project("{FAE04EC0-301F-11D3-BF4B-00C04F79EFBC}") = "DBAPITemplate.Api", "src\DBAPITemplate.Api\DBAPITemplate.Api.csproj", "{62439552-9DC7-E1AF-1476-645F9D71C76E}"
EndProject
Project("{FAE04EC0-301F-11D3-BF4B-00C04F79EFBC}") = "DBAPITemplate.Application", "src\DBAPITemplate.Application\DBAPITemplate.Application.csproj", "{941A28B0-0BEE-5F3B-F38F-94FB74778F0F}"
EndProject
Project("{FAE04EC0-301F-11D3-BF4B-00C04F79EFBC}") = "DBAPITemplate.Domain", "src\DBAPITemplate.Domain\DBAPITemplate.Domain.csproj", "{BD55493B-C537-B11C-88E6-EDD420C8D923}"
EndProject
Project("{FAE04EC0-301F-11D3-BF4B-00C04F79EFBC}") = "DBAPITemplate.Infrastructure", "src\DBAPITemplate.Infrastructure\DBAPITemplate.Infrastructure.csproj", "{2FD2B2E8-0299-99EF-3A8B-31FE18824F55}"
EndProject
Global
	GlobalSection(SolutionConfigurationPlatforms) = preSolution
		Debug|Any CPU = Debug|Any CPU
		Release|Any CPU = Release|Any CPU
	EndGlobalSection
	GlobalSection(ProjectConfigurationPlatforms) = postSolution
		{62439552-9DC7-E1AF-1476-645F9D71C76E}.Debug|Any CPU.ActiveCfg = Debug|Any CPU
		{62439552-9DC7-E1AF-1476-645F9D71C76E}.Debug|Any CPU.Build.0 = Debug|Any CPU
		{62439552-9DC7-E1AF-1476-645F9D71C76E}.Release|Any CPU.ActiveCfg = Release|Any CPU
		{62439552-9DC7-E1AF-1476-645F9D71C76E}.Release|Any CPU.Build.0 = Release|Any CPU
		{941A28B0-0BEE-5F3B-F38F-94FB74778F0F}.Debug|Any CPU.ActiveCfg = Debug|Any CPU
		{941A28B0-0BEE-5F3B-F38F-94FB74778F0F}.Debug|Any CPU.Build.0 = Debug|Any CPU
		{941A28B0-0BEE-5F3B-F38F-94FB74778F0F}.Release|Any CPU.ActiveCfg = Release|Any CPU
		{941A28B0-0BEE-5F3B-F38F-94FB74778F0F}.Release|Any CPU.Build.0 = Release|Any CPU
		{BD55493B-C537-B11C-88E6-EDD420C8D923}.Debug|Any CPU.ActiveCfg = Debug|Any CPU
		{BD55493B-C537-B11C-88E6-EDD420C8D923}.Debug|Any CPU.Build.0 = Debug|Any CPU
		{BD55493B-C537-B11C-88E6-EDD420C8D923}.Release|Any CPU.ActiveCfg = Release|Any CPU
		{BD55493B-C537-B11C-88E6-EDD420C8D923}.Release|Any CPU.Build.0 = Release|Any CPU
		{2FD2B2E8-0299-99EF-3A8B-31FE18824F55}.Debug|Any CPU.ActiveCfg = Debug|Any CPU
		{2FD2B2E8-0299-99EF-3A8B-31FE18824F55}.Debug|Any CPU.Build.0 = Debug|Any CPU
		{2FD2B2E8-0299-99EF-3A8B-31FE18824F55}.Release|Any CPU.ActiveCfg = Release|Any CPU
		{2FD2B2E8-0299-99EF-3A8B-31FE18824F55}.Release|Any CPU.Build.0 = Release|Any CPU
	EndGlobalSection
	GlobalSection(SolutionProperties) = preSolution
		HideSolutionNode = FALSE
	EndGlobalSection
	GlobalSection(NestedProjects) = preSolution
		{62439552-9DC7-E1AF-1476-645F9D71C76E} = {827E0CD3-B72D-47B6-A68D-7590B98EB39B}
		{941A28B0-0BEE-5F3B-F38F-94FB74778F0F} = {827E0CD3-B72D-47B6-A68D-7590B98EB39B}
		{BD55493B-C537-B11C-88E6-EDD420C8D923} = {827E0CD3-B72D-47B6-A68D-7590B98EB39B}
		{2FD2B2E8-0299-99EF-3A8B-31FE18824F55} = {827E0CD3-B72D-47B6-A68D-7590B98EB39B}
	EndGlobalSection
	GlobalSection(ExtensibilityGlobals) = postSolution
		SolutionGuid = {EFB31FA3-447A-406B-BEAB-62B0BA3E99D3}
	EndGlobalSection
EndGlobal
